
Microsoft Visual Studio Solution File, Format Version 12.00
# Visual Studio 2013
VisualStudioVersion = 12.0.21005.1
MinimumVisualStudioVersion = 10.0.40219.1
Project("{8BC9CEB8-8B4A-11D0-8D11-00A0C91BC942}") = "搜狗笔试题", "搜狗笔试题\搜狗笔试题.vcxproj", "{A63810DB-91BE-4389-BDEB-B04763E1DFCE}"
EndProject
Global
	GlobalSection(SolutionConfigurationPlatforms) = preSolution
		Debug|Win32 = Debug|Win32
		Release|Win32 = Release|Win32
	EndGlobalSection
	GlobalSection(ProjectConfigurationPlatforms) = postSolution
		{A63810DB-91BE-4389-BDEB-B04763E1DFCE}.Debug|Win32.ActiveCfg = Debug|Win32
		{A63810DB-91BE-4389-BDEB-B04763E1DFCE}.Debug|Win32.Build.0 = Debug|Win32
		{A63810DB-91BE-4389-BDEB-B04763E1DFCE}.Release|Win32.ActiveCfg = Release|Win32
		{A63810DB-91BE-4389-BDEB-B04763E1DFCE}.Release|Win32.Build.0 = Release|Win32
	EndGlobalSection
	GlobalSection(SolutionProperties) = preSolution
		HideSolutionNode = FALSE
	EndGlobalSection
EndGlobal
