
Microsoft Visual Studio Solution File, Format Version 12.00
# Visual Studio 2013
VisualStudioVersion = 12.0.21005.1
MinimumVisualStudioVersion = 10.0.40219.1
Project("{8BC9CEB8-8B4A-11D0-8D11-00A0C91BC942}") = "实现二叉树的先序、中序和后序遍历", "实现二叉树的先序、中序和后序遍历\实现二叉树的先序、中序和后序遍历.vcxproj", "{DE85F2C4-7DC6-4152-8D58-62A004E57EF7}"
EndProject
Global
	GlobalSection(SolutionConfigurationPlatforms) = preSolution
		Debug|Win32 = Debug|Win32
		Release|Win32 = Release|Win32
	EndGlobalSection
	GlobalSection(ProjectConfigurationPlatforms) = postSolution
		{DE85F2C4-7DC6-4152-8D58-62A004E57EF7}.Debug|Win32.ActiveCfg = Debug|Win32
		{DE85F2C4-7DC6-4152-8D58-62A004E57EF7}.Debug|Win32.Build.0 = Debug|Win32
		{DE85F2C4-7DC6-4152-8D58-62A004E57EF7}.Release|Win32.ActiveCfg = Release|Win32
		{DE85F2C4-7DC6-4152-8D58-62A004E57EF7}.Release|Win32.Build.0 = Release|Win32
	EndGlobalSection
	GlobalSection(SolutionProperties) = preSolution
		HideSolutionNode = FALSE
	EndGlobalSection
EndGlobal
