
Microsoft Visual Studio Solution File, Format Version 12.00
# Visual Studio 2013
VisualStudioVersion = 12.0.21005.1
MinimumVisualStudioVersion = 10.0.40219.1
Project("{8BC9CEB8-8B4A-11D0-8D11-00A0C91BC942}") = "0909", "0909\0909.vcxproj", "{AFEF4FE4-75C2-4C81-AE75-B36DB1AF37D4}"
EndProject
Global
	GlobalSection(SolutionConfigurationPlatforms) = preSolution
		Debug|Win32 = Debug|Win32
		Release|Win32 = Release|Win32
	EndGlobalSection
	GlobalSection(ProjectConfigurationPlatforms) = postSolution
		{AFEF4FE4-75C2-4C81-AE75-B36DB1AF37D4}.Debug|Win32.ActiveCfg = Debug|Win32
		{AFEF4FE4-75C2-4C81-AE75-B36DB1AF37D4}.Debug|Win32.Build.0 = Debug|Win32
		{AFEF4FE4-75C2-4C81-AE75-B36DB1AF37D4}.Release|Win32.ActiveCfg = Release|Win32
		{AFEF4FE4-75C2-4C81-AE75-B36DB1AF37D4}.Release|Win32.Build.0 = Release|Win32
	EndGlobalSection
	GlobalSection(SolutionProperties) = preSolution
		HideSolutionNode = FALSE
	EndGlobalSection
EndGlobal
